
Microsoft Visual Studio Solution File, Format Version 12.00
# Visual Studio Version 16
VisualStudioVersion = 16.0.31129.286
MinimumVisualStudioVersion = 10.0.40219.1
Project("{FAE04EC0-301F-11D3-BF4B-00C04F79EFBC}") = "astolfo clicker", "astolfo clicker\astolfo clicker.csproj", "{4CE3685A-1055-4242-9470-BA1F5E7BDAD9}"
EndProject
Global
	GlobalSection(SolutionConfigurationPlatforms) = preSolution
		Debug|Any CPU = Debug|Any CPU
		Debug|x64 = Debug|x64
		Debug|x86 = Debug|x86
		Release|Any CPU = Release|Any CPU
		Release|x64 = Release|x64
		Release|x86 = Release|x86
	EndGlobalSection
	GlobalSection(ProjectConfigurationPlatforms) = postSolution
		{4CE3685A-1055-4242-9470-BA1F5E7BDAD9}.Debug|Any CPU.ActiveCfg = Debug|Any CPU
		{4CE3685A-1055-4242-9470-BA1F5E7BDAD9}.Debug|Any CPU.Build.0 = Debug|Any CPU
		{4CE3685A-1055-4242-9470-BA1F5E7BDAD9}.Debug|x64.ActiveCfg = Debug|x64
		{4CE3685A-1055-4242-9470-BA1F5E7BDAD9}.Debug|x64.Build.0 = Debug|x64
		{4CE3685A-1055-4242-9470-BA1F5E7BDAD9}.Debug|x86.ActiveCfg = Debug|x86
		{4CE3685A-1055-4242-9470-BA1F5E7BDAD9}.Debug|x86.Build.0 = Debug|x86
		{4CE3685A-1055-4242-9470-BA1F5E7BDAD9}.Release|Any CPU.ActiveCfg = Release|Any CPU
		{4CE3685A-1055-4242-9470-BA1F5E7BDAD9}.Release|Any CPU.Build.0 = Release|Any CPU
		{4CE3685A-1055-4242-9470-BA1F5E7BDAD9}.Release|x64.ActiveCfg = Release|x64
		{4CE3685A-1055-4242-9470-BA1F5E7BDAD9}.Release|x64.Build.0 = Release|x64
		{4CE3685A-1055-4242-9470-BA1F5E7BDAD9}.Release|x86.ActiveCfg = Release|x86
		{4CE3685A-1055-4242-9470-BA1F5E7BDAD9}.Release|x86.Build.0 = Release|x86
	EndGlobalSection
	GlobalSection(SolutionProperties) = preSolution
		HideSolutionNode = FALSE
	EndGlobalSection
	GlobalSection(ExtensibilityGlobals) = postSolution
		SolutionGuid = {9C1E111A-4EEA-40D1-B3C2-3AC1F0E78768}
	EndGlobalSection
EndGlobal
